// !$*UTF8*$!
{
	archiveVersion = 1;
	classes = {
	};
	objectVersion = 56;
	objects = {

/* Begin PBXBuildFile section */
		AD09FA7C2B9E199400FC7A12 /* AppDelegate.swift in Sources */ = {isa = PBXBuildFile; fileRef = AD09FA7B2B9E199400FC7A12 /* AppDelegate.swift */; };
		AD09FA7E2B9E199400FC7A12 /* SceneDelegate.swift in Sources */ = {isa = PBXBuildFile; fileRef = AD09FA7D2B9E199400FC7A12 /* SceneDelegate.swift */; };
		AD09FA832B9E199400FC7A12 /* Main.storyboard in Resources */ = {isa = PBXBuildFile; fileRef = AD09FA812B9E199400FC7A12 /* Main.storyboard */; };
		AD09FA862B9E199400FC7A12 /* SimpleMemoApp.xcdatamodeld in Sources */ = {isa = PBXBuildFile; fileRef = AD09FA842B9E199400FC7A12 /* SimpleMemoApp.xcdatamodeld */; };
		AD09FA882B9E199600FC7A12 /* Assets.xcassets in Resources */ = {isa = PBXBuildFile; fileRef = AD09FA872B9E199600FC7A12 /* Assets.xcassets */; };
		AD09FA8B2B9E199600FC7A12 /* LaunchScreen.storyboard in Resources */ = {isa = PBXBuildFile; fileRef = AD09FA892B9E199600FC7A12 /* LaunchScreen.storyboard */; };
		AD09FA942B9E1B7500FC7A12 /* Model.swift in Sources */ = {isa = PBXBuildFile; fileRef = AD09FA932B9E1B7500FC7A12 /* Model.swift */; };
		AD09FA962B9E1DA500FC7A12 /* MemoListTableViewController.swift in Sources */ = {isa = PBXBuildFile; fileRef = AD09FA952B9E1DA500FC7A12 /* MemoListTableViewController.swift */; };
		AD09FA982B9E277E00FC7A12 /* ComposeViewController.swift in Sources */ = {isa = PBXBuildFile; fileRef = AD09FA972B9E277E00FC7A12 /* ComposeViewController.swift */; };
/* End PBXBuildFile section */

/* Begin PBXFileReference section */
		AD09FA782B9E199400FC7A12 /* SimpleMemoApp.app */ = {isa = PBXFileReference; explicitFileType = wrapper.application; includeInIndex = 0; path = SimpleMemoApp.app; sourceTree = BUILT_PRODUCTS_DIR; };
		AD09FA7B2B9E199400FC7A12 /* AppDelegate.swift */ = {isa = PBXFileReference; lastKnownFileType = sourcecode.swift; path = AppDelegate.swift; sourceTree = "<group>"; };
		AD09FA7D2B9E199400FC7A12 /* SceneDelegate.swift */ = {isa = PBXFileReference; lastKnownFileType = sourcecode.swift; path = SceneDelegate.swift; sourceTree = "<group>"; };
		AD09FA822B9E199400FC7A12 /* Base */ = {isa = PBXFileReference; lastKnownFileType = file.storyboard; name = Base; path = Base.lproj/Main.storyboard; sourceTree = "<group>"; };
		AD09FA852B9E199400FC7A12 /* SimpleMemoApp.xcdatamodel */ = {isa = PBXFileReference; lastKnownFileType = wrapper.xcdatamodel; path = SimpleMemoApp.xcdatamodel; sourceTree = "<group>"; };
		AD09FA872B9E199600FC7A12 /* Assets.xcassets */ = {isa = PBXFileReference; lastKnownFileType = folder.assetcatalog; path = Assets.xcassets; sourceTree = "<group>"; };
		AD09FA8A2B9E199600FC7A12 /* Base */ = {isa = PBXFileReference; lastKnownFileType = file.storyboard; name = Base; path = Base.lproj/LaunchScreen.storyboard; sourceTree = "<group>"; };
		AD09FA8C2B9E199600FC7A12 /* Info.plist */ = {isa = PBXFileReference; lastKnownFileType = text.plist.xml; path = Info.plist; sourceTree = "<group>"; };
		AD09FA932B9E1B7500FC7A12 /* Model.swift */ = {isa = PBXFileReference; lastKnownFileType = sourcecode.swift; path = Model.swift; sourceTree = "<group>"; };
		AD09FA952B9E1DA500FC7A12 /* MemoListTableViewController.swift */ = {isa = PBXFileReference; lastKnownFileType = sourcecode.swift; path = MemoListTableViewController.swift; sourceTree = "<group>"; };
		AD09FA972B9E277E00FC7A12 /* ComposeViewController.swift */ = {isa = PBXFileReference; lastKnownFileType = sourcecode.swift; path = ComposeViewController.swift; sourceTree = "<group>"; };
/* End PBXFileReference section */

/* Begin PBXFrameworksBuildPhase section */
		AD09FA752B9E199400FC7A12 /* Frameworks */ = {
			isa = PBXFrameworksBuildPhase;
			buildActionMask = 2147483647;
			files = (
			);
			runOnlyForDeploymentPostprocessing = 0;
		};
/* End PBXFrameworksBuildPhase section */

/* Begin PBXGroup section */
		AD09FA6F2B9E199400FC7A12 = {
			isa = PBXGroup;
			children = (
				AD09FA7A2B9E199400FC7A12 /* SimpleMemoApp */,
				AD09FA792B9E199400FC7A12 /* Products */,
			);
			sourceTree = "<group>";
		};
		AD09FA792B9E199400FC7A12 /* Products */ = {
			isa = PBXGroup;
			children = (
				AD09FA782B9E199400FC7A12 /* SimpleMemoApp.app */,
			);
			name = Products;
			sourceTree = "<group>";
		};
		AD09FA7A2B9E199400FC7A12 /* SimpleMemoApp */ = {
			isa = PBXGroup;
			children = (
				AD09FA922B9E1B5D00FC7A12 /* Model */,
				AD09FA7B2B9E199400FC7A12 /* AppDelegate.swift */,
				AD09FA7D2B9E199400FC7A12 /* SceneDelegate.swift */,
				AD09FA952B9E1DA500FC7A12 /* MemoListTableViewController.swift */,
				AD09FA972B9E277E00FC7A12 /* ComposeViewController.swift */,
				AD09FA812B9E199400FC7A12 /* Main.storyboard */,
				AD09FA872B9E199600FC7A12 /* Assets.xcassets */,
				AD09FA892B9E199600FC7A12 /* LaunchScreen.storyboard */,
				AD09FA8C2B9E199600FC7A12 /* Info.plist */,
				AD09FA842B9E199400FC7A12 /* SimpleMemoApp.xcdatamodeld */,
			);
			path = SimpleMemoApp;
			sourceTree = "<group>";
		};
		AD09FA922B9E1B5D00FC7A12 /* Model */ = {
			isa = PBXGroup;
			children = (
				AD09FA932B9E1B7500FC7A12 /* Model.swift */,
			);
			path = Model;
			sourceTree = "<group>";
		};
/* End PBXGroup section */

/* Begin PBXNativeTarget section */
		AD09FA772B9E199400FC7A12 /* SimpleMemoApp */ = {
			isa = PBXNativeTarget;
			buildConfigurationList = AD09FA8F2B9E199600FC7A12 /* Build configuration list for PBXNativeTarget "SimpleMemoApp" */;
			buildPhases = (
				AD09FA742B9E199400FC7A12 /* Sources */,
				AD09FA752B9E199400FC7A12 /* Frameworks */,
				AD09FA762B9E199400FC7A12 /* Resources */,
			);
			buildRules = (
			);
			dependencies = (
			);
			name = SimpleMemoApp;
			productName = SimpleMemoApp;
			productReference = AD09FA782B9E199400FC7A12 /* SimpleMemoApp.app */;
			productType = "com.apple.product-type.application";
		};
/* End PBXNativeTarget section */

/* Begin PBXProject section */
		AD09FA702B9E199400FC7A12 /* Project object */ = {
			isa = PBXProject;
			attributes = {
				BuildIndependentTargetsInParallel = 1;
				LastSwiftUpdateCheck = 1520;
				LastUpgradeCheck = 1520;
				TargetAttributes = {
					AD09FA772B9E199400FC7A12 = {
						CreatedOnToolsVersion = 15.2;
					};
				};
			};
			buildConfigurationList = AD09FA732B9E199400FC7A12 /* Build configuration list for PBXProject "SimpleMemoApp" */;
			compatibilityVersion = "Xcode 14.0";
			developmentRegion = en;
			hasScannedForEncodings = 0;
			knownRegions = (
				en,
				Base,
			);
			mainGroup = AD09FA6F2B9E199400FC7A12;
			productRefGroup = AD09FA792B9E199400FC7A12 /* Products */;
			projectDirPath = "";
			projectRoot = "";
			targets = (
				AD09FA772B9E199400FC7A12 /* SimpleMemoApp */,
			);
		};
/* End PBXProject section */

/* Begin PBXResourcesBuildPhase section */
		AD09FA762B9E199400FC7A12 /* Resources */ = {
			isa = PBXResourcesBuildPhase;
			buildActionMask = 2147483647;
			files = (
				AD09FA8B2B9E199600FC7A12 /* LaunchScreen.storyboard in Resources */,
				AD09FA882B9E199600FC7A12 /* Assets.xcassets in Resources */,
				AD09FA832B9E199400FC7A12 /* Main.storyboard in Resources */,
			);
			runOnlyForDeploymentPostprocessing = 0;
		};
/* End PBXResourcesBuildPhase section */

/* Begin PBXSourcesBuildPhase section */
		AD09FA742B9E199400FC7A12 /* Sources */ = {
			isa = PBXSourcesBuildPhase;
			buildActionMask = 2147483647;
			files = (
				AD09FA7C2B9E199400FC7A12 /* AppDelegate.swift in Sources */,
				AD09FA7E2B9E199400FC7A12 /* SceneDelegate.swift in Sources */,
				AD09FA962B9E1DA500FC7A12 /* MemoListTableViewController.swift in Sources */,
				AD09FA982B9E277E00FC7A12 /* ComposeViewController.swift in Sources */,
				AD09FA862B9E199400FC7A12 /* SimpleMemoApp.xcdatamodeld in Sources */,
				AD09FA942B9E1B7500FC7A12 /* Model.swift in Sources */,
			);
			runOnlyForDeploymentPostprocessing = 0;
		};
/* End PBXSourcesBuildPhase section */

/* Begin PBXVariantGroup section */
		AD09FA812B9E199400FC7A12 /* Main.storyboard */ = {
			isa = PBXVariantGroup;
			children = (
				AD09FA822B9E199400FC7A12 /* Base */,
			);
			name = Main.storyboard;
			sourceTree = "<group>";
		};
		AD09FA892B9E199600FC7A12 /* LaunchScreen.storyboard */ = {
			isa = PBXVariantGroup;
			children = (
				AD09FA8A2B9E199600FC7A12 /* Base */,
			);
			name = LaunchScreen.storyboard;
			sourceTree = "<group>";
		};
/* End PBXVariantGroup section */

/* Begin XCBuildConfiguration section */
		AD09FA8D2B9E199600FC7A12 /* Debug */ = {
			isa = XCBuildConfiguration;
			buildSettings = {
				ALWAYS_SEARCH_USER_PATHS = NO;
				ASSETCATALOG_COMPILER_GENERATE_SWIFT_ASSET_SYMBOL_EXTENSIONS = YES;
				CLANG_ANALYZER_NONNULL = YES;
				CLANG_ANALYZER_NUMBER_OBJECT_CONVERSION = YES_AGGRESSIVE;
				CLANG_CXX_LANGUAGE_STANDARD = "gnu++20";
				CLANG_ENABLE_MODULES = YES;
				CLANG_ENABLE_OBJC_ARC = YES;
				CLANG_ENABLE_OBJC_WEAK = YES;
				CLANG_WARN_BLOCK_CAPTURE_AUTORELEASING = YES;
				CLANG_WARN_BOOL_CONVERSION = YES;
				CLANG_WARN_COMMA = YES;
				CLANG_WARN_CONSTANT_CONVERSION = YES;
				CLANG_WARN_DEPRECATED_OBJC_IMPLEMENTATIONS = YES;
				CLANG_WARN_DIRECT_OBJC_ISA_USAGE = YES_ERROR;
				CLANG_WARN_DOCUMENTATION_COMMENTS = YES;
				CLANG_WARN_EMPTY_BODY = YES;
				CLANG_WARN_ENUM_CONVERSION = YES;
				CLANG_WARN_INFINITE_RECURSION = YES;
				CLANG_WARN_INT_CONVERSION = YES;
				CLANG_WARN_NON_LITERAL_NULL_CONVERSION = YES;
				CLANG_WARN_OBJC_IMPLICIT_RETAIN_SELF = YES;
				CLANG_WARN_OBJC_LITERAL_CONVERSION = YES;
				CLANG_WARN_OBJC_ROOT_CLASS = YES_ERROR;
				CLANG_WARN_QUOTED_INCLUDE_IN_FRAMEWORK_HEADER = YES;
				CLANG_WARN_RANGE_LOOP_ANALYSIS = YES;
				CLANG_WARN_STRICT_PROTOTYPES = YES;
				CLANG_WARN_SUSPICIOUS_MOVE = YES;
				CLANG_WARN_UNGUARDED_AVAILABILITY = YES_AGGRESSIVE;
				CLANG_WARN_UNREACHABLE_CODE = YES;
				CLANG_WARN__DUPLICATE_METHOD_MATCH = YES;
				COPY_PHASE_STRIP = NO;
				DEBUG_INFORMATION_FORMAT = dwarf;
				ENABLE_STRICT_OBJC_MSGSEND = YES;
				ENABLE_TESTABILITY = YES;
				ENABLE_USER_SCRIPT_SANDBOXING = YES;
				GCC_C_LANGUAGE_STANDARD = gnu17;
				GCC_DYNAMIC_NO_PIC = NO;
				GCC_NO_COMMON_BLOCKS = YES;
				GCC_OPTIMIZATION_LEVEL = 0;
				GCC_PREPROCESSOR_DEFINITIONS = (
					"DEBUG=1",
					"$(inherited)",
				);
				GCC_WARN_64_TO_32_BIT_CONVERSION = YES;
				GCC_WARN_ABOUT_RETURN_TYPE = YES_ERROR;
				GCC_WARN_UNDECLARED_SELECTOR = YES;
				GCC_WARN_UNINITIALIZED_AUTOS = YES_AGGRESSIVE;
				GCC_WARN_UNUSED_FUNCTION = YES;
				GCC_WARN_UNUSED_VARIABLE = YES;
				IPHONEOS_DEPLOYMENT_TARGET = 17.2;
				LOCALIZATION_PREFERS_STRING_CATALOGS = YES;
				MTL_ENABLE_DEBUG_INFO = INCLUDE_SOURCE;
				MTL_FAST_MATH = YES;
				ONLY_ACTIVE_ARCH = YES;
				SDKROOT = iphoneos;
				SWIFT_ACTIVE_COMPILATION_CONDITIONS = "DEBUG $(inherited)";
				SWIFT_OPTIMIZATION_LEVEL = "-Onone";
			};
			name = Debug;
		};
		AD09FA8E2B9E199600FC7A12 /* Release */ = {
			isa = XCBuildConfiguration;
			buildSettings = {
				ALWAYS_SEARCH_USER_PATHS = NO;
				ASSETCATALOG_COMPILER_GENERATE_SWIFT_ASSET_SYMBOL_EXTENSIONS = YES;
				CLANG_ANALYZER_NONNULL = YES;
				CLANG_ANALYZER_NUMBER_OBJECT_CONVERSION = YES_AGGRESSIVE;
				CLANG_CXX_LANGUAGE_STANDARD = "gnu++20";
				CLANG_ENABLE_MODULES = YES;
				CLANG_ENABLE_OBJC_ARC = YES;
				CLANG_ENABLE_OBJC_WEAK = YES;
				CLANG_WARN_BLOCK_CAPTURE_AUTORELEASING = YES;
				CLANG_WARN_BOOL_CONVERSION = YES;
				CLANG_WARN_COMMA = YES;
				CLANG_WARN_CONSTANT_CONVERSION = YES;
				CLANG_WARN_DEPRECATED_OBJC_IMPLEMENTATIONS = YES;
				CLANG_WARN_DIRECT_OBJC_ISA_USAGE = YES_ERROR;
				CLANG_WARN_DOCUMENTATION_COMMENTS = YES;
				CLANG_WARN_EMPTY_BODY = YES;
				CLANG_WARN_ENUM_CONVERSION = YES;
				CLANG_WARN_INFINITE_RECURSION = YES;
				CLANG_WARN_INT_CONVERSION = YES;
				CLANG_WARN_NON_LITERAL_NULL_CONVERSION = YES;
				CLANG_WARN_OBJC_IMPLICIT_RETAIN_SELF = YES;
				CLANG_WARN_OBJC_LITERAL_CONVERSION = YES;
				CLANG_WARN_OBJC_ROOT_CLASS = YES_ERROR;
				CLANG_WARN_QUOTED_INCLUDE_IN_FRAMEWORK_HEADER = YES;
				CLANG_WARN_RANGE_LOOP_ANALYSIS = YES;
				CLANG_WARN_STRICT_PROTOTYPES = YES;
				CLANG_WARN_SUSPICIOUS_MOVE = YES;
				CLANG_WARN_UNGUARDED_AVAILABILITY = YES_AGGRESSIVE;
				CLANG_WARN_UNREACHABLE_CODE = YES;
				CLANG_WARN__DUPLICATE_METHOD_MATCH = YES;
				COPY_PHASE_STRIP = NO;
				DEBUG_INFORMATION_FORMAT = "dwarf-with-dsym";
				ENABLE_NS_ASSERTIONS = NO;
				ENABLE_STRICT_OBJC_MSGSEND = YES;
				ENABLE_USER_SCRIPT_SANDBOXING = YES;
				GCC_C_LANGUAGE_STANDARD = gnu17;
				GCC_NO_COMMON_BLOCKS = YES;
				GCC_WARN_64_TO_32_BIT_CONVERSION = YES;
				GCC_WARN_ABOUT_RETURN_TYPE = YES_ERROR;
				GCC_WARN_UNDECLARED_SELECTOR = YES;
				GCC_WARN_UNINITIALIZED_AUTOS = YES_AGGRESSIVE;
				GCC_WARN_UNUSED_FUNCTION = YES;
				GCC_WARN_UNUSED_VARIABLE = YES;
				IPHONEOS_DEPLOYMENT_TARGET = 17.2;
				LOCALIZATION_PREFERS_STRING_CATALOGS = YES;
				MTL_ENABLE_DEBUG_INFO = NO;
				MTL_FAST_MATH = YES;
				SDKROOT = iphoneos;
				SWIFT_COMPILATION_MODE = wholemodule;
				VALIDATE_PRODUCT = YES;
			};
			name = Release;
		};
		AD09FA902B9E199600FC7A12 /* Debug */ = {
			isa = XCBuildConfiguration;
			buildSettings = {
				ASSETCATALOG_COMPILER_APPICON_NAME = AppIcon;
				ASSETCATALOG_COMPILER_GLOBAL_ACCENT_COLOR_NAME = AccentColor;
				CODE_SIGN_STYLE = Automatic;
				CURRENT_PROJECT_VERSION = 1;
				DEVELOPMENT_TEAM = P9NXT375QP;
				GENERATE_INFOPLIST_FILE = YES;
				INFOPLIST_FILE = SimpleMemoApp/Info.plist;
				INFOPLIST_KEY_UIApplicationSupportsIndirectInputEvents = YES;
				INFOPLIST_KEY_UILaunchStoryboardName = LaunchScreen;
				INFOPLIST_KEY_UIMainStoryboardFile = Main;
				INFOPLIST_KEY_UISupportedInterfaceOrientations_iPad = "UIInterfaceOrientationPortrait UIInterfaceOrientationPortraitUpsideDown UIInterfaceOrientationLandscapeLeft UIInterfaceOrientationLandscapeRight";
				INFOPLIST_KEY_UISupportedInterfaceOrientations_iPhone = "UIInterfaceOrientationPortrait UIInterfaceOrientationLandscapeLeft UIInterfaceOrientationLandscapeRight";
				IPHONEOS_DEPLOYMENT_TARGET = 15.2;
				LD_RUNPATH_SEARCH_PATHS = (
					"$(inherited)",
					"@executable_path/Frameworks",
				);
				MARKETING_VERSION = 1.0;
				PRODUCT_BUNDLE_IDENTIFIER = com.leral3.SimpleMemoApp;
				PRODUCT_NAME = "$(TARGET_NAME)";
				SWIFT_EMIT_LOC_STRINGS = YES;
				SWIFT_VERSION = 5.0;
				TARGETED_DEVICE_FAMILY = "1,2";
			};
			name = Debug;
		};
		AD09FA912B9E199600FC7A12 /* Release */ = {
			isa = XCBuildConfiguration;
			buildSettings = {
				ASSETCATALOG_COMPILER_APPICON_NAME = AppIcon;
				ASSETCATALOG_COMPILER_GLOBAL_ACCENT_COLOR_NAME = AccentColor;
				CODE_SIGN_STYLE = Automatic;
				CURRENT_PROJECT_VERSION = 1;
				DEVELOPMENT_TEAM = P9NXT375QP;
				GENERATE_INFOPLIST_FILE = YES;
				INFOPLIST_FILE = SimpleMemoApp/Info.plist;
				INFOPLIST_KEY_UIApplicationSupportsIndirectInputEvents = YES;
				INFOPLIST_KEY_UILaunchStoryboardName = LaunchScreen;
				INFOPLIST_KEY_UIMainStoryboardFile = Main;
				INFOPLIST_KEY_UISupportedInterfaceOrientations_iPad = "UIInterfaceOrientationPortrait UIInterfaceOrientationPortraitUpsideDown UIInterfaceOrientationLandscapeLeft UIInterfaceOrientationLandscapeRight";
				INFOPLIST_KEY_UISupportedInterfaceOrientations_iPhone = "UIInterfaceOrientationPortrait UIInterfaceOrientationLandscapeLeft UIInterfaceOrientationLandscapeRight";
				IPHONEOS_DEPLOYMENT_TARGET = 15.2;
				LD_RUNPATH_SEARCH_PATHS = (
					"$(inherited)",
					"@executable_path/Frameworks",
				);
				MARKETING_VERSION = 1.0;
				PRODUCT_BUNDLE_IDENTIFIER = com.leral3.SimpleMemoApp;
				PRODUCT_NAME = "$(TARGET_NAME)";
				SWIFT_EMIT_LOC_STRINGS = YES;
				SWIFT_VERSION = 5.0;
				TARGETED_DEVICE_FAMILY = "1,2";
			};
			name = Release;
		};
/* End XCBuildConfiguration section */

/* Begin XCConfigurationList section */
		AD09FA732B9E199400FC7A12 /* Build configuration list for PBXProject "SimpleMemoApp" */ = {
			isa = XCConfigurationList;
			buildConfigurations = (
				AD09FA8D2B9E199600FC7A12 /* Debug */,
				AD09FA8E2B9E199600FC7A12 /* Release */,
			);
			defaultConfigurationIsVisible = 0;
			defaultConfigurationName = Release;
		};
		AD09FA8F2B9E199600FC7A12 /* Build configuration list for PBXNativeTarget "SimpleMemoApp" */ = {
			isa = XCConfigurationList;
			buildConfigurations = (
				AD09FA902B9E199600FC7A12 /* Debug */,
				AD09FA912B9E199600FC7A12 /* Release */,
			);
			defaultConfigurationIsVisible = 0;
			defaultConfigurationName = Release;
		};
/* End XCConfigurationList section */

/* Begin XCVersionGroup section */
		AD09FA842B9E199400FC7A12 /* SimpleMemoApp.xcdatamodeld */ = {
			isa = XCVersionGroup;
			children = (
				AD09FA852B9E199400FC7A12 /* SimpleMemoApp.xcdatamodel */,
			);
			currentVersion = AD09FA852B9E199400FC7A12 /* SimpleMemoApp.xcdatamodel */;
			path = SimpleMemoApp.xcdatamodeld;
			sourceTree = "<group>";
			versionGroupType = wrapper.xcdatamodel;
		};
/* End XCVersionGroup section */
	};
	rootObject = AD09FA702B9E199400FC7A12 /* Project object */;
}
